
Microsoft Visual Studio Solution File, Format Version 12.00
# Visual Studio Version 16
VisualStudioVersion = 16.0.31205.134
MinimumVisualStudioVersion = 10.0.40219.1
Project("{9A19103F-16F7-4668-BE54-9A1E7A4F7556}") = "HabbitCracker", "HabbitCracker\HabbitCracker.csproj", "{D73C848E-4E94-4A83-9E43-9A35CDAE54A2}"
EndProject
Global
	GlobalSection(SolutionConfigurationPlatforms) = preSolution
		Debug|Any CPU = Debug|Any CPU
		Release|Any CPU = Release|Any CPU
	EndGlobalSection
	GlobalSection(ProjectConfigurationPlatforms) = postSolution
		{D73C848E-4E94-4A83-9E43-9A35CDAE54A2}.Debug|Any CPU.ActiveCfg = Debug|Any CPU
		{D73C848E-4E94-4A83-9E43-9A35CDAE54A2}.Debug|Any CPU.Build.0 = Debug|Any CPU
		{D73C848E-4E94-4A83-9E43-9A35CDAE54A2}.Release|Any CPU.ActiveCfg = Release|Any CPU
		{D73C848E-4E94-4A83-9E43-9A35CDAE54A2}.Release|Any CPU.Build.0 = Release|Any CPU
	EndGlobalSection
	GlobalSection(SolutionProperties) = preSolution
		HideSolutionNode = FALSE
	EndGlobalSection
	GlobalSection(ExtensibilityGlobals) = postSolution
		SolutionGuid = {7B2D6350-766A-4014-82C5-3C3AB7C40977}
	EndGlobalSection
EndGlobal
